
Microsoft Visual Studio Solution File, Format Version 12.00
# Visual Studio 15
VisualStudioVersion = 15.0.28010.2041
MinimumVisualStudioVersion = 10.0.40219.1
Project("{8BC9CEB8-8B4A-11D0-8D11-00A0C91BC942}") = "Behevior", "Behevior\Behevior.vcxproj", "{D4BC347B-543E-44EB-A5DD-29009C38D544}"
EndProject
Project("{8BC9CEB8-8B4A-11D0-8D11-00A0C91BC942}") = "06_Mediator", "06_Mediator\06_Mediator.vcxproj", "{46FD3DE4-F0A5-497A-893F-F6637A55B323}"
EndProject
Project("{8BC9CEB8-8B4A-11D0-8D11-00A0C91BC942}") = "07_MediatorChat", "07_MediatorChat\07_MediatorChat.vcxproj", "{1D962022-E11A-45DA-B769-DC4A7A1C6602}"
EndProject
Global
	GlobalSection(SolutionConfigurationPlatforms) = preSolution
		Debug|x64 = Debug|x64
		Debug|x86 = Debug|x86
		Release|x64 = Release|x64
		Release|x86 = Release|x86
	EndGlobalSection
	GlobalSection(ProjectConfigurationPlatforms) = postSolution
		{D4BC347B-543E-44EB-A5DD-29009C38D544}.Debug|x64.ActiveCfg = Debug|x64
		{D4BC347B-543E-44EB-A5DD-29009C38D544}.Debug|x64.Build.0 = Debug|x64
		{D4BC347B-543E-44EB-A5DD-29009C38D544}.Debug|x86.ActiveCfg = Debug|Win32
		{D4BC347B-543E-44EB-A5DD-29009C38D544}.Debug|x86.Build.0 = Debug|Win32
		{D4BC347B-543E-44EB-A5DD-29009C38D544}.Release|x64.ActiveCfg = Release|x64
		{D4BC347B-543E-44EB-A5DD-29009C38D544}.Release|x64.Build.0 = Release|x64
		{D4BC347B-543E-44EB-A5DD-29009C38D544}.Release|x86.ActiveCfg = Release|Win32
		{D4BC347B-543E-44EB-A5DD-29009C38D544}.Release|x86.Build.0 = Release|Win32
		{46FD3DE4-F0A5-497A-893F-F6637A55B323}.Debug|x64.ActiveCfg = Debug|x64
		{46FD3DE4-F0A5-497A-893F-F6637A55B323}.Debug|x64.Build.0 = Debug|x64
		{46FD3DE4-F0A5-497A-893F-F6637A55B323}.Debug|x86.ActiveCfg = Debug|Win32
		{46FD3DE4-F0A5-497A-893F-F6637A55B323}.Debug|x86.Build.0 = Debug|Win32
		{46FD3DE4-F0A5-497A-893F-F6637A55B323}.Release|x64.ActiveCfg = Release|x64
		{46FD3DE4-F0A5-497A-893F-F6637A55B323}.Release|x64.Build.0 = Release|x64
		{46FD3DE4-F0A5-497A-893F-F6637A55B323}.Release|x86.ActiveCfg = Release|Win32
		{46FD3DE4-F0A5-497A-893F-F6637A55B323}.Release|x86.Build.0 = Release|Win32
		{1D962022-E11A-45DA-B769-DC4A7A1C6602}.Debug|x64.ActiveCfg = Debug|x64
		{1D962022-E11A-45DA-B769-DC4A7A1C6602}.Debug|x64.Build.0 = Debug|x64
		{1D962022-E11A-45DA-B769-DC4A7A1C6602}.Debug|x86.ActiveCfg = Debug|Win32
		{1D962022-E11A-45DA-B769-DC4A7A1C6602}.Debug|x86.Build.0 = Debug|Win32
		{1D962022-E11A-45DA-B769-DC4A7A1C6602}.Release|x64.ActiveCfg = Release|x64
		{1D962022-E11A-45DA-B769-DC4A7A1C6602}.Release|x64.Build.0 = Release|x64
		{1D962022-E11A-45DA-B769-DC4A7A1C6602}.Release|x86.ActiveCfg = Release|Win32
		{1D962022-E11A-45DA-B769-DC4A7A1C6602}.Release|x86.Build.0 = Release|Win32
	EndGlobalSection
	GlobalSection(SolutionProperties) = preSolution
		HideSolutionNode = FALSE
	EndGlobalSection
	GlobalSection(ExtensibilityGlobals) = postSolution
		SolutionGuid = {45A26B43-9C62-48E9-BE50-C1F80DA83DF5}
	EndGlobalSection
EndGlobal
